
Microsoft Visual Studio Solution File, Format Version 12.00
# Visual Studio Version 17
VisualStudioVersion = 17.0.31919.166
MinimumVisualStudioVersion = 10.0.40219.1
Project("{FAE04EC0-301F-11D3-BF4B-00C04F79EFBC}") = "Nasljeđivanje i polimorfizam", "Nasljeđivanje i polimorfizam.csproj", "{8AE9D715-F9A3-4BE1-B9AD-0EB09D9AF057}"
EndProject
Global
	GlobalSection(SolutionConfigurationPlatforms) = preSolution
		Debug|Any CPU = Debug|Any CPU
		Release|Any CPU = Release|Any CPU
	EndGlobalSection
	GlobalSection(ProjectConfigurationPlatforms) = postSolution
		{8AE9D715-F9A3-4BE1-B9AD-0EB09D9AF057}.Debug|Any CPU.ActiveCfg = Debug|Any CPU
		{8AE9D715-F9A3-4BE1-B9AD-0EB09D9AF057}.Debug|Any CPU.Build.0 = Debug|Any CPU
		{8AE9D715-F9A3-4BE1-B9AD-0EB09D9AF057}.Release|Any CPU.ActiveCfg = Release|Any CPU
		{8AE9D715-F9A3-4BE1-B9AD-0EB09D9AF057}.Release|Any CPU.Build.0 = Release|Any CPU
	EndGlobalSection
	GlobalSection(SolutionProperties) = preSolution
		HideSolutionNode = FALSE
	EndGlobalSection
	GlobalSection(ExtensibilityGlobals) = postSolution
		SolutionGuid = {BEF1DF50-911E-4961-9AB5-6F2C745F5AAB}
	EndGlobalSection
EndGlobal
